
Microsoft Visual Studio Solution File, Format Version 12.00
Project("{FAE04EC0-301F-11D3-BF4B-00C04F79EFBC}") = "HotChocolate_SchemaOrganize", "HotChocolate_SchemaOrganize\HotChocolate_SchemaOrganize.csproj", "{1606F6AA-9C7D-400E-B366-0493E06AC36D}"
EndProject
Global
	GlobalSection(SolutionConfigurationPlatforms) = preSolution
		Debug|Any CPU = Debug|Any CPU
		Release|Any CPU = Release|Any CPU
	EndGlobalSection
	GlobalSection(ProjectConfigurationPlatforms) = postSolution
		{1606F6AA-9C7D-400E-B366-0493E06AC36D}.Debug|Any CPU.ActiveCfg = Debug|Any CPU
		{1606F6AA-9C7D-400E-B366-0493E06AC36D}.Debug|Any CPU.Build.0 = Debug|Any CPU
		{1606F6AA-9C7D-400E-B366-0493E06AC36D}.Release|Any CPU.ActiveCfg = Release|Any CPU
		{1606F6AA-9C7D-400E-B366-0493E06AC36D}.Release|Any CPU.Build.0 = Release|Any CPU
	EndGlobalSection
EndGlobal
